// !$*UTF8*$!
{
	archiveVersion = 1;
	classes = {
	};
	objectVersion = 46;
	objects = {

/* Begin PBXBuildFile section */
		3B329B891790ED1100EE5294 /* Foundation.framework in Frameworks */ = {isa = PBXBuildFile; fileRef = 3B329B881790ED1100EE5294 /* Foundation.framework */; };
		3B329B8C1790ED1100EE5294 /* main.m in Sources */ = {isa = PBXBuildFile; fileRef = 3B329B8B1790ED1100EE5294 /* main.m */; };
		3B329B901790ED1100EE5294 /* GCDDemo.1 in CopyFiles */ = {isa = PBXBuildFile; fileRef = 3B329B8F1790ED1100EE5294 /* GCDDemo.1 */; };
		3B329B981790EDE100EE5294 /* fooBlock.m in Sources */ = {isa = PBXBuildFile; fileRef = 3B329B971790EDE100EE5294 /* fooBlock.m */; };
/* End PBXBuildFile section */

/* Begin PBXCopyFilesBuildPhase section */
		3B329B831790ED1100EE5294 /* CopyFiles */ = {
			isa = PBXCopyFilesBuildPhase;
			buildActionMask = 2147483647;
			dstPath = /usr/share/man/man1/;
			dstSubfolderSpec = 0;
			files = (
				3B329B901790ED1100EE5294 /* GCDDemo.1 in CopyFiles */,
			);
			runOnlyForDeploymentPostprocessing = 1;
		};
/* End PBXCopyFilesBuildPhase section */

/* Begin PBXFileReference section */
		3B329B851790ED1100EE5294 /* GCDDemo */ = {isa = PBXFileReference; explicitFileType = "compiled.mach-o.executable"; includeInIndex = 0; path = GCDDemo; sourceTree = BUILT_PRODUCTS_DIR; };
		3B329B881790ED1100EE5294 /* Foundation.framework */ = {isa = PBXFileReference; lastKnownFileType = wrapper.framework; name = Foundation.framework; path = System/Library/Frameworks/Foundation.framework; sourceTree = SDKROOT; };
		3B329B8B1790ED1100EE5294 /* main.m */ = {isa = PBXFileReference; lastKnownFileType = sourcecode.c.objc; path = main.m; sourceTree = "<group>"; };
		3B329B8E1790ED1100EE5294 /* GCDDemo-Prefix.pch */ = {isa = PBXFileReference; lastKnownFileType = sourcecode.c.h; path = "GCDDemo-Prefix.pch"; sourceTree = "<group>"; };
		3B329B8F1790ED1100EE5294 /* GCDDemo.1 */ = {isa = PBXFileReference; lastKnownFileType = text.man; path = GCDDemo.1; sourceTree = "<group>"; };
		3B329B961790EDE100EE5294 /* fooBlock.h */ = {isa = PBXFileReference; fileEncoding = 4; lastKnownFileType = sourcecode.c.h; path = fooBlock.h; sourceTree = "<group>"; };
		3B329B971790EDE100EE5294 /* fooBlock.m */ = {isa = PBXFileReference; fileEncoding = 4; lastKnownFileType = sourcecode.c.objc; path = fooBlock.m; sourceTree = "<group>"; };
/* End PBXFileReference section */

/* Begin PBXFrameworksBuildPhase section */
		3B329B821790ED1100EE5294 /* Frameworks */ = {
			isa = PBXFrameworksBuildPhase;
			buildActionMask = 2147483647;
			files = (
				3B329B891790ED1100EE5294 /* Foundation.framework in Frameworks */,
			);
			runOnlyForDeploymentPostprocessing = 0;
		};
/* End PBXFrameworksBuildPhase section */

/* Begin PBXGroup section */
		3B329B7C1790ED1000EE5294 = {
			isa = PBXGroup;
			children = (
				3B329B8A1790ED1100EE5294 /* GCDDemo */,
				3B329B871790ED1100EE5294 /* Frameworks */,
				3B329B861790ED1100EE5294 /* Products */,
			);
			sourceTree = "<group>";
		};
		3B329B861790ED1100EE5294 /* Products */ = {
			isa = PBXGroup;
			children = (
				3B329B851790ED1100EE5294 /* GCDDemo */,
			);
			name = Products;
			sourceTree = "<group>";
		};
		3B329B871790ED1100EE5294 /* Frameworks */ = {
			isa = PBXGroup;
			children = (
				3B329B881790ED1100EE5294 /* Foundation.framework */,
			);
			name = Frameworks;
			sourceTree = "<group>";
		};
		3B329B8A1790ED1100EE5294 /* GCDDemo */ = {
			isa = PBXGroup;
			children = (
				3B329B8B1790ED1100EE5294 /* main.m */,
				3B329B8F1790ED1100EE5294 /* GCDDemo.1 */,
				3B329B8D1790ED1100EE5294 /* Supporting Files */,
				3B329B961790EDE100EE5294 /* fooBlock.h */,
				3B329B971790EDE100EE5294 /* fooBlock.m */,
			);
			path = GCDDemo;
			sourceTree = "<group>";
		};
		3B329B8D1790ED1100EE5294 /* Supporting Files */ = {
			isa = PBXGroup;
			children = (
				3B329B8E1790ED1100EE5294 /* GCDDemo-Prefix.pch */,
			);
			name = "Supporting Files";
			sourceTree = "<group>";
		};
/* End PBXGroup section */

/* Begin PBXNativeTarget section */
		3B329B841790ED1100EE5294 /* GCDDemo */ = {
			isa = PBXNativeTarget;
			buildConfigurationList = 3B329B931790ED1100EE5294 /* Build configuration list for PBXNativeTarget "GCDDemo" */;
			buildPhases = (
				3B329B811790ED1100EE5294 /* Sources */,
				3B329B821790ED1100EE5294 /* Frameworks */,
				3B329B831790ED1100EE5294 /* CopyFiles */,
			);
			buildRules = (
			);
			dependencies = (
			);
			name = GCDDemo;
			productName = GCDDemo;
			productReference = 3B329B851790ED1100EE5294 /* GCDDemo */;
			productType = "com.apple.product-type.tool";
		};
/* End PBXNativeTarget section */

/* Begin PBXProject section */
		3B329B7D1790ED1000EE5294 /* Project object */ = {
			isa = PBXProject;
			attributes = {
				LastUpgradeCheck = 0460;
				ORGANIZATIONNAME = bigdata;
			};
			buildConfigurationList = 3B329B801790ED1000EE5294 /* Build configuration list for PBXProject "GCDDemo" */;
			compatibilityVersion = "Xcode 3.2";
			developmentRegion = English;
			hasScannedForEncodings = 0;
			knownRegions = (
				en,
			);
			mainGroup = 3B329B7C1790ED1000EE5294;
			productRefGroup = 3B329B861790ED1100EE5294 /* Products */;
			projectDirPath = "";
			projectRoot = "";
			targets = (
				3B329B841790ED1100EE5294 /* GCDDemo */,
			);
		};
/* End PBXProject section */

/* Begin PBXSourcesBuildPhase section */
		3B329B811790ED1100EE5294 /* Sources */ = {
			isa = PBXSourcesBuildPhase;
			buildActionMask = 2147483647;
			files = (
				3B329B8C1790ED1100EE5294 /* main.m in Sources */,
				3B329B981790EDE100EE5294 /* fooBlock.m in Sources */,
			);
			runOnlyForDeploymentPostprocessing = 0;
		};
/* End PBXSourcesBuildPhase section */

/* Begin XCBuildConfiguration section */
		3B329B911790ED1100EE5294 /* Debug */ = {
			isa = XCBuildConfiguration;
			buildSettings = {
				ALWAYS_SEARCH_USER_PATHS = NO;
				ARCHS = "$(ARCHS_STANDARD_64_BIT)";
				CLANG_CXX_LANGUAGE_STANDARD = "gnu++0x";
				CLANG_CXX_LIBRARY = "libc++";
				CLANG_WARN_CONSTANT_CONVERSION = YES;
				CLANG_WARN_EMPTY_BODY = YES;
				CLANG_WARN_ENUM_CONVERSION = YES;
				CLANG_WARN_INT_CONVERSION = YES;
				CLANG_WARN__DUPLICATE_METHOD_MATCH = YES;
				COPY_PHASE_STRIP = NO;
				GCC_C_LANGUAGE_STANDARD = gnu99;
				GCC_DYNAMIC_NO_PIC = NO;
				GCC_ENABLE_OBJC_EXCEPTIONS = YES;
				GCC_OPTIMIZATION_LEVEL = 0;
				GCC_PREPROCESSOR_DEFINITIONS = (
					"DEBUG=1",
					"$(inherited)",
				);
				GCC_SYMBOLS_PRIVATE_EXTERN = NO;
				GCC_WARN_64_TO_32_BIT_CONVERSION = YES;
				GCC_WARN_ABOUT_RETURN_TYPE = YES;
				GCC_WARN_UNINITIALIZED_AUTOS = YES;
				GCC_WARN_UNUSED_VARIABLE = YES;
				MACOSX_DEPLOYMENT_TARGET = 10.8;
				ONLY_ACTIVE_ARCH = YES;
				SDKROOT = macosx;
			};
			name = Debug;
		};
		3B329B921790ED1100EE5294 /* Release */ = {
			isa = XCBuildConfiguration;
			buildSettings = {
				ALWAYS_SEARCH_USER_PATHS = NO;
				ARCHS = "$(ARCHS_STANDARD_64_BIT)";
				CLANG_CXX_LANGUAGE_STANDARD = "gnu++0x";
				CLANG_CXX_LIBRARY = "libc++";
				CLANG_WARN_CONSTANT_CONVERSION = YES;
				CLANG_WARN_EMPTY_BODY = YES;
				CLANG_WARN_ENUM_CONVERSION = YES;
				CLANG_WARN_INT_CONVERSION = YES;
				CLANG_WARN__DUPLICATE_METHOD_MATCH = YES;
				COPY_PHASE_STRIP = YES;
				DEBUG_INFORMATION_FORMAT = "dwarf-with-dsym";
				GCC_C_LANGUAGE_STANDARD = gnu99;
				GCC_ENABLE_OBJC_EXCEPTIONS = YES;
				GCC_WARN_64_TO_32_BIT_CONVERSION = YES;
				GCC_WARN_ABOUT_RETURN_TYPE = YES;
				GCC_WARN_UNINITIALIZED_AUTOS = YES;
				GCC_WARN_UNUSED_VARIABLE = YES;
				MACOSX_DEPLOYMENT_TARGET = 10.8;
				SDKROOT = macosx;
			};
			name = Release;
		};
		3B329B941790ED1100EE5294 /* Debug */ = {
			isa = XCBuildConfiguration;
			buildSettings = {
				GCC_PRECOMPILE_PREFIX_HEADER = YES;
				GCC_PREFIX_HEADER = "GCDDemo/GCDDemo-Prefix.pch";
				PRODUCT_NAME = "$(TARGET_NAME)";
			};
			name = Debug;
		};
		3B329B951790ED1100EE5294 /* Release */ = {
			isa = XCBuildConfiguration;
			buildSettings = {
				GCC_PRECOMPILE_PREFIX_HEADER = YES;
				GCC_PREFIX_HEADER = "GCDDemo/GCDDemo-Prefix.pch";
				PRODUCT_NAME = "$(TARGET_NAME)";
			};
			name = Release;
		};
/* End XCBuildConfiguration section */

/* Begin XCConfigurationList section */
		3B329B801790ED1000EE5294 /* Build configuration list for PBXProject "GCDDemo" */ = {
			isa = XCConfigurationList;
			buildConfigurations = (
				3B329B911790ED1100EE5294 /* Debug */,
				3B329B921790ED1100EE5294 /* Release */,
			);
			defaultConfigurationIsVisible = 0;
			defaultConfigurationName = Release;
		};
		3B329B931790ED1100EE5294 /* Build configuration list for PBXNativeTarget "GCDDemo" */ = {
			isa = XCConfigurationList;
			buildConfigurations = (
				3B329B941790ED1100EE5294 /* Debug */,
				3B329B951790ED1100EE5294 /* Release */,
			);
			defaultConfigurationIsVisible = 0;
		};
/* End XCConfigurationList section */
	};
	rootObject = 3B329B7D1790ED1000EE5294 /* Project object */;
}
